
Microsoft Visual Studio Solution File, Format Version 12.00
# Visual Studio Version 17
VisualStudioVersion = 17.9.34728.123
MinimumVisualStudioVersion = 10.0.40219.1
Project("{FAE04EC0-301F-11D3-BF4B-00C04F79EFBC}") = "ThyniusAddin", "ThyniusAddin.csproj", "{03F4A111-F5A5-47A3-9E2A-D9F1B5C3B30A}"
EndProject
Global
	GlobalSection(SolutionConfigurationPlatforms) = preSolution
		Debug|Any CPU = Debug|Any CPU
		Release|Any CPU = Release|Any CPU
	EndGlobalSection
	GlobalSection(ProjectConfigurationPlatforms) = postSolution
		{03F4A111-F5A5-47A3-9E2A-D9F1B5C3B30A}.Debug|Any CPU.ActiveCfg = Debug|Any CPU
		{03F4A111-F5A5-47A3-9E2A-D9F1B5C3B30A}.Debug|Any CPU.Build.0 = Debug|Any CPU
		{03F4A111-F5A5-47A3-9E2A-D9F1B5C3B30A}.Release|Any CPU.ActiveCfg = Release|Any CPU
		{03F4A111-F5A5-47A3-9E2A-D9F1B5C3B30A}.Release|Any CPU.Build.0 = Release|Any CPU
	EndGlobalSection
	GlobalSection(SolutionProperties) = preSolution
		HideSolutionNode = FALSE
	EndGlobalSection
	GlobalSection(ExtensibilityGlobals) = postSolution
		SolutionGuid = {A9105943-2A12-46B4-9635-701E7D12BE57}
	EndGlobalSection
EndGlobal
