
Microsoft Visual Studio Solution File, Format Version 12.00
# Visual Studio Version 17
VisualStudioVersion = 17.9.34728.123
MinimumVisualStudioVersion = 10.0.40219.1
Project("{FAE04EC0-301F-11D3-BF4B-00C04F79EFBC}") = "ThyniusInstallCustomAction", "ThyniusInstallCustomAction.csproj", "{E8B0457F-F4FB-4E72-BDAC-57D708DD272F}"
EndProject
Global
	GlobalSection(SolutionConfigurationPlatforms) = preSolution
		Debug|Any CPU = Debug|Any CPU
		Release|Any CPU = Release|Any CPU
	EndGlobalSection
	GlobalSection(ProjectConfigurationPlatforms) = postSolution
		{E8B0457F-F4FB-4E72-BDAC-57D708DD272F}.Debug|Any CPU.ActiveCfg = Debug|Any CPU
		{E8B0457F-F4FB-4E72-BDAC-57D708DD272F}.Debug|Any CPU.Build.0 = Debug|Any CPU
		{E8B0457F-F4FB-4E72-BDAC-57D708DD272F}.Release|Any CPU.ActiveCfg = Release|Any CPU
		{E8B0457F-F4FB-4E72-BDAC-57D708DD272F}.Release|Any CPU.Build.0 = Release|Any CPU
	EndGlobalSection
	GlobalSection(SolutionProperties) = preSolution
		HideSolutionNode = FALSE
	EndGlobalSection
	GlobalSection(ExtensibilityGlobals) = postSolution
		SolutionGuid = {6FD619A3-6E6B-48DB-AA61-1B594459DDA6}
	EndGlobalSection
EndGlobal
